
Microsoft Visual Studio Solution File, Format Version 12.00
# Visual Studio 15
VisualStudioVersion = 15.0.27703.2047
MinimumVisualStudioVersion = 10.0.40219.1
Project("{FAE04EC0-301F-11D3-BF4B-00C04F79EFBC}") = "aula-18-orientacao-a-objetos-propriedades", "aula-18-orientacao-a-objetos-propriedades\aula-18-orientacao-a-objetos-propriedades.csproj", "{C8F588B9-6EA6-4618-A579-6BF3B2338556}"
EndProject
Global
	GlobalSection(SolutionConfigurationPlatforms) = preSolution
		Debug|Any CPU = Debug|Any CPU
		Release|Any CPU = Release|Any CPU
	EndGlobalSection
	GlobalSection(ProjectConfigurationPlatforms) = postSolution
		{C8F588B9-6EA6-4618-A579-6BF3B2338556}.Debug|Any CPU.ActiveCfg = Debug|Any CPU
		{C8F588B9-6EA6-4618-A579-6BF3B2338556}.Debug|Any CPU.Build.0 = Debug|Any CPU
		{C8F588B9-6EA6-4618-A579-6BF3B2338556}.Release|Any CPU.ActiveCfg = Release|Any CPU
		{C8F588B9-6EA6-4618-A579-6BF3B2338556}.Release|Any CPU.Build.0 = Release|Any CPU
	EndGlobalSection
	GlobalSection(SolutionProperties) = preSolution
		HideSolutionNode = FALSE
	EndGlobalSection
	GlobalSection(ExtensibilityGlobals) = postSolution
		SolutionGuid = {186E80E3-7D42-4897-BA45-CBF4AF89A742}
	EndGlobalSection
EndGlobal
